
Microsoft Visual Studio Solution File, Format Version 12.00
# Visual Studio Version 16
VisualStudioVersion = 16.0.32002.261
MinimumVisualStudioVersion = 10.0.40219.1
Project("{9A19103F-16F7-4668-BE54-9A1E7A4F7556}") = "Olioohjelmointi", "Olioohjelmointi\Olioohjelmointi.csproj", "{4412F7E3-74F6-4709-88B3-0171930098CF}"
EndProject
Project("{9A19103F-16F7-4668-BE54-9A1E7A4F7556}") = "Ajoneuvoharjoitus", "Ajoneuvoharjoitus\Ajoneuvoharjoitus.csproj", "{B51D28BF-56F4-44E2-9B40-ACCD7DFA7EBA}"
EndProject
Project("{9A19103F-16F7-4668-BE54-9A1E7A4F7556}") = "Harjoitus2", "Harjoitus2\Harjoitus2.csproj", "{18F1B133-0BE0-473A-97E7-F76E1BACF15D}"
EndProject
Project("{9A19103F-16F7-4668-BE54-9A1E7A4F7556}") = "Harjoitus3", "Harjoitus3\Harjoitus3.csproj", "{18C63347-0974-4A22-AD44-6B737CA7615A}"
EndProject
Project("{9A19103F-16F7-4668-BE54-9A1E7A4F7556}") = "Harjoitus4", "Harjoitus4\Harjoitus4.csproj", "{D887FEFC-C0F0-495F-A52F-C28472B6090C}"
EndProject
Project("{9A19103F-16F7-4668-BE54-9A1E7A4F7556}") = "Static Esimerkki", "Static Esimerkki\Static Esimerkki.csproj", "{39C85C3A-654A-4F92-8769-8C96E49F0051}"
EndProject
Project("{9A19103F-16F7-4668-BE54-9A1E7A4F7556}") = "Harjoitus5", "Harjoitus5\Harjoitus5.csproj", "{5276F100-9B3A-4E0F-8F02-0FCD0B60054D}"
EndProject
Project("{9A19103F-16F7-4668-BE54-9A1E7A4F7556}") = "Perintä", "Perintä\Perintä.csproj", "{31BC09ED-90DA-4768-89B8-5340171A2784}"
EndProject
Project("{9A19103F-16F7-4668-BE54-9A1E7A4F7556}") = "Abstraktisuus", "Abstraktisuus\Abstraktisuus.csproj", "{AA97F5AC-7AD5-4D46-8DC7-D2CC17444C75}"
EndProject
Project("{9A19103F-16F7-4668-BE54-9A1E7A4F7556}") = "Harjoitus6", "Harjoitus6\Harjoitus6.csproj", "{4E70C73B-E246-4E3E-A6DA-C7923C3528BE}"
EndProject
Project("{9A19103F-16F7-4668-BE54-9A1E7A4F7556}") = "Harjoitus8(KT)", "Harjoitus8(KT)\Harjoitus8(KT).csproj", "{E799780E-F6DB-4E95-8CE1-4C835A6018D1}"
EndProject
Project("{9A19103F-16F7-4668-BE54-9A1E7A4F7556}") = "Harjoitus7", "Harjoitus7\Harjoitus7.csproj", "{0C0E4736-F85B-47C2-9DCF-04018B253304}"
EndProject
Project("{9A19103F-16F7-4668-BE54-9A1E7A4F7556}") = "Harjoitus9", "Harjoitus9\Harjoitus9.csproj", "{1C0BBEA2-22D3-4EC0-B82D-00BEC7A0845C}"
EndProject
Project("{9A19103F-16F7-4668-BE54-9A1E7A4F7556}") = "Harjoitus10", "Harjoitus10\Harjoitus10.csproj", "{BCC9ED03-3FF8-49C4-84FD-68E37FD92B43}"
EndProject
Project("{9A19103F-16F7-4668-BE54-9A1E7A4F7556}") = "Kokoelmat", "Kokoelmat\Kokoelmat.csproj", "{0774F601-3E29-4B8D-8576-AF6B8D5FF5E9}"
EndProject
Project("{9A19103F-16F7-4668-BE54-9A1E7A4F7556}") = "Harjoitus11", "Harjoitus11\Harjoitus11.csproj", "{211BC2F7-8654-4009-AC75-FA9B40399523}"
EndProject
Project("{9A19103F-16F7-4668-BE54-9A1E7A4F7556}") = "Harjoitus13", "Harjoitus13\Harjoitus13.csproj", "{9C4C1329-8A07-4E8D-87CA-6F8C5DE5445A}"
EndProject
Project("{9A19103F-16F7-4668-BE54-9A1E7A4F7556}") = "Harjoitus 12", "Harjoitus 12\Harjoitus 12.csproj", "{5BA7CBA1-D305-4447-BA18-D33B937BADA1}"
EndProject
Project("{FAE04EC0-301F-11D3-BF4B-00C04F79EFBC}") = "Harjoitus15", "Harjoitus15\Harjoitus15.csproj", "{2BEE5C73-75AE-4787-A678-9DBBBCFFB5AD}"
EndProject
Project("{FAE04EC0-301F-11D3-BF4B-00C04F79EFBC}") = "Harjoitus16", "Harjoitus16\Harjoitus16.csproj", "{E976E173-07C5-4368-8976-E11A66BA949B}"
EndProject
Project("{FAE04EC0-301F-11D3-BF4B-00C04F79EFBC}") = "Harjoitus17", "Harjoitus17\Harjoitus17.csproj", "{0C949C77-4099-4C21-B42A-71F5BBB5FB9E}"
EndProject
Global
	GlobalSection(SolutionConfigurationPlatforms) = preSolution
		Debug|Any CPU = Debug|Any CPU
		Release|Any CPU = Release|Any CPU
	EndGlobalSection
	GlobalSection(ProjectConfigurationPlatforms) = postSolution
		{4412F7E3-74F6-4709-88B3-0171930098CF}.Debug|Any CPU.ActiveCfg = Debug|Any CPU
		{4412F7E3-74F6-4709-88B3-0171930098CF}.Debug|Any CPU.Build.0 = Debug|Any CPU
		{4412F7E3-74F6-4709-88B3-0171930098CF}.Release|Any CPU.ActiveCfg = Release|Any CPU
		{4412F7E3-74F6-4709-88B3-0171930098CF}.Release|Any CPU.Build.0 = Release|Any CPU
		{B51D28BF-56F4-44E2-9B40-ACCD7DFA7EBA}.Debug|Any CPU.ActiveCfg = Debug|Any CPU
		{B51D28BF-56F4-44E2-9B40-ACCD7DFA7EBA}.Debug|Any CPU.Build.0 = Debug|Any CPU
		{B51D28BF-56F4-44E2-9B40-ACCD7DFA7EBA}.Release|Any CPU.ActiveCfg = Release|Any CPU
		{B51D28BF-56F4-44E2-9B40-ACCD7DFA7EBA}.Release|Any CPU.Build.0 = Release|Any CPU
		{18F1B133-0BE0-473A-97E7-F76E1BACF15D}.Debug|Any CPU.ActiveCfg = Debug|Any CPU
		{18F1B133-0BE0-473A-97E7-F76E1BACF15D}.Debug|Any CPU.Build.0 = Debug|Any CPU
		{18F1B133-0BE0-473A-97E7-F76E1BACF15D}.Release|Any CPU.ActiveCfg = Release|Any CPU
		{18F1B133-0BE0-473A-97E7-F76E1BACF15D}.Release|Any CPU.Build.0 = Release|Any CPU
		{18C63347-0974-4A22-AD44-6B737CA7615A}.Debug|Any CPU.ActiveCfg = Debug|Any CPU
		{18C63347-0974-4A22-AD44-6B737CA7615A}.Debug|Any CPU.Build.0 = Debug|Any CPU
		{18C63347-0974-4A22-AD44-6B737CA7615A}.Release|Any CPU.ActiveCfg = Release|Any CPU
		{18C63347-0974-4A22-AD44-6B737CA7615A}.Release|Any CPU.Build.0 = Release|Any CPU
		{D887FEFC-C0F0-495F-A52F-C28472B6090C}.Debug|Any CPU.ActiveCfg = Debug|Any CPU
		{D887FEFC-C0F0-495F-A52F-C28472B6090C}.Debug|Any CPU.Build.0 = Debug|Any CPU
		{D887FEFC-C0F0-495F-A52F-C28472B6090C}.Release|Any CPU.ActiveCfg = Release|Any CPU
		{D887FEFC-C0F0-495F-A52F-C28472B6090C}.Release|Any CPU.Build.0 = Release|Any CPU
		{39C85C3A-654A-4F92-8769-8C96E49F0051}.Debug|Any CPU.ActiveCfg = Debug|Any CPU
		{39C85C3A-654A-4F92-8769-8C96E49F0051}.Debug|Any CPU.Build.0 = Debug|Any CPU
		{39C85C3A-654A-4F92-8769-8C96E49F0051}.Release|Any CPU.ActiveCfg = Release|Any CPU
		{39C85C3A-654A-4F92-8769-8C96E49F0051}.Release|Any CPU.Build.0 = Release|Any CPU
		{5276F100-9B3A-4E0F-8F02-0FCD0B60054D}.Debug|Any CPU.ActiveCfg = Debug|Any CPU
		{5276F100-9B3A-4E0F-8F02-0FCD0B60054D}.Debug|Any CPU.Build.0 = Debug|Any CPU
		{5276F100-9B3A-4E0F-8F02-0FCD0B60054D}.Release|Any CPU.ActiveCfg = Release|Any CPU
		{5276F100-9B3A-4E0F-8F02-0FCD0B60054D}.Release|Any CPU.Build.0 = Release|Any CPU
		{31BC09ED-90DA-4768-89B8-5340171A2784}.Debug|Any CPU.ActiveCfg = Debug|Any CPU
		{31BC09ED-90DA-4768-89B8-5340171A2784}.Debug|Any CPU.Build.0 = Debug|Any CPU
		{31BC09ED-90DA-4768-89B8-5340171A2784}.Release|Any CPU.ActiveCfg = Release|Any CPU
		{31BC09ED-90DA-4768-89B8-5340171A2784}.Release|Any CPU.Build.0 = Release|Any CPU
		{AA97F5AC-7AD5-4D46-8DC7-D2CC17444C75}.Debug|Any CPU.ActiveCfg = Debug|Any CPU
		{AA97F5AC-7AD5-4D46-8DC7-D2CC17444C75}.Debug|Any CPU.Build.0 = Debug|Any CPU
		{AA97F5AC-7AD5-4D46-8DC7-D2CC17444C75}.Release|Any CPU.ActiveCfg = Release|Any CPU
		{AA97F5AC-7AD5-4D46-8DC7-D2CC17444C75}.Release|Any CPU.Build.0 = Release|Any CPU
		{4E70C73B-E246-4E3E-A6DA-C7923C3528BE}.Debug|Any CPU.ActiveCfg = Debug|Any CPU
		{4E70C73B-E246-4E3E-A6DA-C7923C3528BE}.Debug|Any CPU.Build.0 = Debug|Any CPU
		{4E70C73B-E246-4E3E-A6DA-C7923C3528BE}.Release|Any CPU.ActiveCfg = Release|Any CPU
		{4E70C73B-E246-4E3E-A6DA-C7923C3528BE}.Release|Any CPU.Build.0 = Release|Any CPU
		{E799780E-F6DB-4E95-8CE1-4C835A6018D1}.Debug|Any CPU.ActiveCfg = Debug|Any CPU
		{E799780E-F6DB-4E95-8CE1-4C835A6018D1}.Debug|Any CPU.Build.0 = Debug|Any CPU
		{E799780E-F6DB-4E95-8CE1-4C835A6018D1}.Release|Any CPU.ActiveCfg = Release|Any CPU
		{E799780E-F6DB-4E95-8CE1-4C835A6018D1}.Release|Any CPU.Build.0 = Release|Any CPU
		{0C0E4736-F85B-47C2-9DCF-04018B253304}.Debug|Any CPU.ActiveCfg = Debug|Any CPU
		{0C0E4736-F85B-47C2-9DCF-04018B253304}.Debug|Any CPU.Build.0 = Debug|Any CPU
		{0C0E4736-F85B-47C2-9DCF-04018B253304}.Release|Any CPU.ActiveCfg = Release|Any CPU
		{0C0E4736-F85B-47C2-9DCF-04018B253304}.Release|Any CPU.Build.0 = Release|Any CPU
		{1C0BBEA2-22D3-4EC0-B82D-00BEC7A0845C}.Debug|Any CPU.ActiveCfg = Debug|Any CPU
		{1C0BBEA2-22D3-4EC0-B82D-00BEC7A0845C}.Debug|Any CPU.Build.0 = Debug|Any CPU
		{1C0BBEA2-22D3-4EC0-B82D-00BEC7A0845C}.Release|Any CPU.ActiveCfg = Release|Any CPU
		{1C0BBEA2-22D3-4EC0-B82D-00BEC7A0845C}.Release|Any CPU.Build.0 = Release|Any CPU
		{BCC9ED03-3FF8-49C4-84FD-68E37FD92B43}.Debug|Any CPU.ActiveCfg = Debug|Any CPU
		{BCC9ED03-3FF8-49C4-84FD-68E37FD92B43}.Debug|Any CPU.Build.0 = Debug|Any CPU
		{BCC9ED03-3FF8-49C4-84FD-68E37FD92B43}.Release|Any CPU.ActiveCfg = Release|Any CPU
		{BCC9ED03-3FF8-49C4-84FD-68E37FD92B43}.Release|Any CPU.Build.0 = Release|Any CPU
		{0774F601-3E29-4B8D-8576-AF6B8D5FF5E9}.Debug|Any CPU.ActiveCfg = Debug|Any CPU
		{0774F601-3E29-4B8D-8576-AF6B8D5FF5E9}.Debug|Any CPU.Build.0 = Debug|Any CPU
		{0774F601-3E29-4B8D-8576-AF6B8D5FF5E9}.Release|Any CPU.ActiveCfg = Release|Any CPU
		{0774F601-3E29-4B8D-8576-AF6B8D5FF5E9}.Release|Any CPU.Build.0 = Release|Any CPU
		{211BC2F7-8654-4009-AC75-FA9B40399523}.Debug|Any CPU.ActiveCfg = Debug|Any CPU
		{211BC2F7-8654-4009-AC75-FA9B40399523}.Debug|Any CPU.Build.0 = Debug|Any CPU
		{211BC2F7-8654-4009-AC75-FA9B40399523}.Release|Any CPU.ActiveCfg = Release|Any CPU
		{211BC2F7-8654-4009-AC75-FA9B40399523}.Release|Any CPU.Build.0 = Release|Any CPU
		{9C4C1329-8A07-4E8D-87CA-6F8C5DE5445A}.Debug|Any CPU.ActiveCfg = Debug|Any CPU
		{9C4C1329-8A07-4E8D-87CA-6F8C5DE5445A}.Debug|Any CPU.Build.0 = Debug|Any CPU
		{9C4C1329-8A07-4E8D-87CA-6F8C5DE5445A}.Release|Any CPU.ActiveCfg = Release|Any CPU
		{9C4C1329-8A07-4E8D-87CA-6F8C5DE5445A}.Release|Any CPU.Build.0 = Release|Any CPU
		{5BA7CBA1-D305-4447-BA18-D33B937BADA1}.Debug|Any CPU.ActiveCfg = Debug|Any CPU
		{5BA7CBA1-D305-4447-BA18-D33B937BADA1}.Debug|Any CPU.Build.0 = Debug|Any CPU
		{5BA7CBA1-D305-4447-BA18-D33B937BADA1}.Release|Any CPU.ActiveCfg = Release|Any CPU
		{5BA7CBA1-D305-4447-BA18-D33B937BADA1}.Release|Any CPU.Build.0 = Release|Any CPU
		{2BEE5C73-75AE-4787-A678-9DBBBCFFB5AD}.Debug|Any CPU.ActiveCfg = Debug|Any CPU
		{2BEE5C73-75AE-4787-A678-9DBBBCFFB5AD}.Debug|Any CPU.Build.0 = Debug|Any CPU
		{2BEE5C73-75AE-4787-A678-9DBBBCFFB5AD}.Release|Any CPU.ActiveCfg = Release|Any CPU
		{2BEE5C73-75AE-4787-A678-9DBBBCFFB5AD}.Release|Any CPU.Build.0 = Release|Any CPU
		{E976E173-07C5-4368-8976-E11A66BA949B}.Debug|Any CPU.ActiveCfg = Debug|Any CPU
		{E976E173-07C5-4368-8976-E11A66BA949B}.Debug|Any CPU.Build.0 = Debug|Any CPU
		{E976E173-07C5-4368-8976-E11A66BA949B}.Release|Any CPU.ActiveCfg = Release|Any CPU
		{E976E173-07C5-4368-8976-E11A66BA949B}.Release|Any CPU.Build.0 = Release|Any CPU
		{0C949C77-4099-4C21-B42A-71F5BBB5FB9E}.Debug|Any CPU.ActiveCfg = Debug|Any CPU
		{0C949C77-4099-4C21-B42A-71F5BBB5FB9E}.Debug|Any CPU.Build.0 = Debug|Any CPU
		{0C949C77-4099-4C21-B42A-71F5BBB5FB9E}.Release|Any CPU.ActiveCfg = Release|Any CPU
		{0C949C77-4099-4C21-B42A-71F5BBB5FB9E}.Release|Any CPU.Build.0 = Release|Any CPU
	EndGlobalSection
	GlobalSection(SolutionProperties) = preSolution
		HideSolutionNode = FALSE
	EndGlobalSection
	GlobalSection(ExtensibilityGlobals) = postSolution
		SolutionGuid = {A84FF800-6723-437A-B9E0-D97BCE5698C2}
	EndGlobalSection
EndGlobal
